
Microsoft Visual Studio Solution File, Format Version 12.00
# Visual Studio 2012
Project("{FAE04EC0-301F-11D3-BF4B-00C04F79EFBC}") = "MvcStarter.Web", "MvcStarter\MvcStarter.Web.csproj", "{36FC6F40-AF49-4F42-86A4-93E591D69243}"
EndProject
Project("{FAE04EC0-301F-11D3-BF4B-00C04F79EFBC}") = "MvcStarter.App", "MvcStarter.App\MvcStarter.App.csproj", "{4B56E27A-AC00-4357-B535-3993887F902A}"
EndProject
Project("{FAE04EC0-301F-11D3-BF4B-00C04F79EFBC}") = "MvcStarter.Tests", "MvcStarter.Tests\MvcStarter.Tests.csproj", "{4700FFF7-C303-45A6-86DA-3C31689D14F1}"
EndProject
Project("{FAE04EC0-301F-11D3-BF4B-00C04F79EFBC}") = "MvcStarter.PostgreSql", "MvcStarter.PostgreSql\MvcStarter.PostgreSql.csproj", "{61534A95-453C-41ED-8FED-91B7AD4D0B39}"
EndProject
Project("{2150E333-8FDC-42A3-9474-1A3956D46DE8}") = ".nuget", ".nuget", "{7D5D17D0-0A70-424C-A34B-BEE7FA1D25A4}"
	ProjectSection(SolutionItems) = preProject
		.nuget\NuGet.Config = .nuget\NuGet.Config
		.nuget\NuGet.exe = .nuget\NuGet.exe
		.nuget\NuGet.targets = .nuget\NuGet.targets
	EndProjectSection
EndProject
Project("{FAE04EC0-301F-11D3-BF4B-00C04F79EFBC}") = "MvcStarter.Migrator", "MvcStarter.Migrator\MvcStarter.Migrator.csproj", "{408B3470-2D89-4418-93B7-429B90EEA169}"
EndProject
Global
	GlobalSection(SolutionConfigurationPlatforms) = preSolution
		Debug|Any CPU = Debug|Any CPU
		Release|Any CPU = Release|Any CPU
	EndGlobalSection
	GlobalSection(ProjectConfigurationPlatforms) = postSolution
		{36FC6F40-AF49-4F42-86A4-93E591D69243}.Debug|Any CPU.ActiveCfg = Debug|Any CPU
		{36FC6F40-AF49-4F42-86A4-93E591D69243}.Debug|Any CPU.Build.0 = Debug|Any CPU
		{36FC6F40-AF49-4F42-86A4-93E591D69243}.Release|Any CPU.ActiveCfg = Release|Any CPU
		{36FC6F40-AF49-4F42-86A4-93E591D69243}.Release|Any CPU.Build.0 = Release|Any CPU
		{4B56E27A-AC00-4357-B535-3993887F902A}.Debug|Any CPU.ActiveCfg = Debug|Any CPU
		{4B56E27A-AC00-4357-B535-3993887F902A}.Debug|Any CPU.Build.0 = Debug|Any CPU
		{4B56E27A-AC00-4357-B535-3993887F902A}.Release|Any CPU.ActiveCfg = Release|Any CPU
		{4B56E27A-AC00-4357-B535-3993887F902A}.Release|Any CPU.Build.0 = Release|Any CPU
		{4700FFF7-C303-45A6-86DA-3C31689D14F1}.Debug|Any CPU.ActiveCfg = Debug|Any CPU
		{4700FFF7-C303-45A6-86DA-3C31689D14F1}.Debug|Any CPU.Build.0 = Debug|Any CPU
		{4700FFF7-C303-45A6-86DA-3C31689D14F1}.Release|Any CPU.ActiveCfg = Release|Any CPU
		{4700FFF7-C303-45A6-86DA-3C31689D14F1}.Release|Any CPU.Build.0 = Release|Any CPU
		{61534A95-453C-41ED-8FED-91B7AD4D0B39}.Debug|Any CPU.ActiveCfg = Debug|Any CPU
		{61534A95-453C-41ED-8FED-91B7AD4D0B39}.Debug|Any CPU.Build.0 = Debug|Any CPU
		{61534A95-453C-41ED-8FED-91B7AD4D0B39}.Release|Any CPU.ActiveCfg = Release|Any CPU
		{61534A95-453C-41ED-8FED-91B7AD4D0B39}.Release|Any CPU.Build.0 = Release|Any CPU
		{408B3470-2D89-4418-93B7-429B90EEA169}.Debug|Any CPU.ActiveCfg = Debug|Any CPU
		{408B3470-2D89-4418-93B7-429B90EEA169}.Debug|Any CPU.Build.0 = Debug|Any CPU
		{408B3470-2D89-4418-93B7-429B90EEA169}.Release|Any CPU.ActiveCfg = Release|Any CPU
		{408B3470-2D89-4418-93B7-429B90EEA169}.Release|Any CPU.Build.0 = Release|Any CPU
	EndGlobalSection
	GlobalSection(SolutionProperties) = preSolution
		HideSolutionNode = FALSE
	EndGlobalSection
EndGlobal
